<?xml version="1.0" encoding="utf-8"?>
<Project ToolsVersion="4.0" xmlns="http://schemas.microsoft.com/developer/msbuild/2003">
  <ItemGroup>
    <Filter Include="Исходные файлы">
      <UniqueIdentifier>{4FC737F1-C7A5-4376-A066-2A32D752A2FF}</UniqueIdentifier>
      <Extensions>cpp;c;cc;cxx;c++;cppm;ixx;def;odl;idl;hpj;bat;asm;asmx</Extensions>
    </Filter>
    <Filter Include="Файлы заголовков">
      <UniqueIdentifier>{93995380-89BD-4b04-88EB-625FBE52EBFB}</UniqueIdentifier>
      <Extensions>h;hh;hpp;hxx;h++;hm;inl;inc;ipp;xsd</Extensions>
    </Filter>
    <Filter Include="Файлы ресурсов">
      <UniqueIdentifier>{67DA6AB6-F800-4c08-8B7A-83BB121AAD01}</UniqueIdentifier>
      <Extensions>rc;ico;cur;bmp;dlg;rc2;rct;bin;rgs;gif;jpg;jpeg;jpe;resx;tiff;tif;png;wav;mfcribbon-ms</Extensions>
    </Filter>
    <Filter Include="Файлы заголовков\big_int">
      <UniqueIdentifier>{678ca214-1542-446b-9327-ec1b3a15e59d}</UniqueIdentifier>
    </Filter>
    <Filter Include="Файлы заголовков\big_float">
      <UniqueIdentifier>{dba0b382-9042-4e4b-97d0-84c329f42067}</UniqueIdentifier>
    </Filter>
    <Filter Include="Файлы заголовков\polynomial">
      <UniqueIdentifier>{58863ca6-d5e5-4161-ab7c-c408acfc9561}</UniqueIdentifier>
    </Filter>
    <Filter Include="Файлы заголовков\linked_list">
      <UniqueIdentifier>{bd4429ae-9c9a-4069-be14-82a566651bcd}</UniqueIdentifier>
    </Filter>
    <Filter Include="Файлы заголовков\linear_algebra">
      <UniqueIdentifier>{18c034f0-1294-4738-a494-be30a0f91ba9}</UniqueIdentifier>
    </Filter>
  </ItemGroup>
  <ItemGroup>
    <ClInclude Include="big_int\big_int.hpp">
      <Filter>Файлы заголовков\big_int</Filter>
    </ClInclude>
    <ClInclude Include="big_int\external_utility.hpp">
      <Filter>Файлы заголовков\big_int</Filter>
    </ClInclude>
    <ClInclude Include="big_float\big_float.hpp">
      <Filter>Файлы заголовков\big_float</Filter>
    </ClInclude>
    <ClInclude Include="polynomial\polynomial.hpp">
      <Filter>Файлы заголовков\polynomial</Filter>
    </ClInclude>
    <ClInclude Include="linked_list\linked_list.hpp">
      <Filter>Файлы заголовков\linked_list</Filter>
    </ClInclude>
    <ClInclude Include="polynomial\polynomial_calc.hpp">
      <Filter>Файлы заголовков\polynomial</Filter>
    </ClInclude>
    <ClInclude Include="linear_algebra\matrix.hpp">
      <Filter>Файлы заголовков\linear_algebra</Filter>
    </ClInclude>
    <ClInclude Include="linear_algebra\linear_vector.hpp">
      <Filter>Файлы заголовков\linear_algebra</Filter>
    </ClInclude>
    <ClInclude Include="linear_algebra\linear_algebra.hpp">
      <Filter>Файлы заголовков\linear_algebra</Filter>
    </ClInclude>
  </ItemGroup>
  <ItemGroup>
    <ClCompile Include="main.cpp">
      <Filter>Файлы ресурсов</Filter>
    </ClCompile>
  </ItemGroup>
</Project>